
Microsoft Visual Studio Solution File, Format Version 12.00
# Visual Studio Version 17
VisualStudioVersion = 17.4.33205.214
MinimumVisualStudioVersion = 10.0.40219.1
Project("{FAE04EC0-301F-11D3-BF4B-00C04F79EFBC}") = "Collections", "Collections\Collections.csproj", "{BE1712BC-94CA-4A32-BBA6-98787CB9902A}"
EndProject
Global
	GlobalSection(SolutionConfigurationPlatforms) = preSolution
		Debug|Any CPU = Debug|Any CPU
		Release|Any CPU = Release|Any CPU
	EndGlobalSection
	GlobalSection(ProjectConfigurationPlatforms) = postSolution
		{BE1712BC-94CA-4A32-BBA6-98787CB9902A}.Debug|Any CPU.ActiveCfg = Debug|Any CPU
		{BE1712BC-94CA-4A32-BBA6-98787CB9902A}.Debug|Any CPU.Build.0 = Debug|Any CPU
		{BE1712BC-94CA-4A32-BBA6-98787CB9902A}.Release|Any CPU.ActiveCfg = Release|Any CPU
		{BE1712BC-94CA-4A32-BBA6-98787CB9902A}.Release|Any CPU.Build.0 = Release|Any CPU
	EndGlobalSection
	GlobalSection(SolutionProperties) = preSolution
		HideSolutionNode = FALSE
	EndGlobalSection
	GlobalSection(ExtensibilityGlobals) = postSolution
		SolutionGuid = {EA8C01BF-2605-4D6F-9FD8-C7DEC1928F62}
	EndGlobalSection
EndGlobal
